
Microsoft Visual Studio Solution File, Format Version 12.00
# Visual Studio Version 17
VisualStudioVersion = 17.4.33205.214
MinimumVisualStudioVersion = 10.0.40219.1
Project("{2150E333-8FDC-42A3-9474-1A3956D46DE8}") = "FitUp.ExercisesService", "FitUp.ExercisesService", "{205780D6-A135-4F21-8A03-930000961EAE}"
EndProject
Project("{2150E333-8FDC-42A3-9474-1A3956D46DE8}") = "FitUp.ProgramsService", "FitUp.ProgramsService", "{C62B0398-9A60-4F4E-82D3-AF64CD2BBF38}"
EndProject
Project("{2150E333-8FDC-42A3-9474-1A3956D46DE8}") = "FitUp.UserProgressService", "FitUp.UserProgressService", "{1FB594D1-1526-4D38-938E-88BA08B7B091}"
EndProject
Project("{FAE04EC0-301F-11D3-BF4B-00C04F79EFBC}") = "FitUp.ExercisesService.Domain", "FitUp.ExercisesService\FitUp.ExercisesService.Domain\FitUp.ExercisesService.Domain.csproj", "{C65D1509-E987-4D63-9BA2-4300F8EAF953}"
EndProject
Global
	GlobalSection(SolutionConfigurationPlatforms) = preSolution
		Debug|Any CPU = Debug|Any CPU
		Release|Any CPU = Release|Any CPU
	EndGlobalSection
	GlobalSection(ProjectConfigurationPlatforms) = postSolution
		{C65D1509-E987-4D63-9BA2-4300F8EAF953}.Debug|Any CPU.ActiveCfg = Debug|Any CPU
		{C65D1509-E987-4D63-9BA2-4300F8EAF953}.Debug|Any CPU.Build.0 = Debug|Any CPU
		{C65D1509-E987-4D63-9BA2-4300F8EAF953}.Release|Any CPU.ActiveCfg = Release|Any CPU
		{C65D1509-E987-4D63-9BA2-4300F8EAF953}.Release|Any CPU.Build.0 = Release|Any CPU
	EndGlobalSection
	GlobalSection(SolutionProperties) = preSolution
		HideSolutionNode = FALSE
	EndGlobalSection
	GlobalSection(NestedProjects) = preSolution
		{C65D1509-E987-4D63-9BA2-4300F8EAF953} = {205780D6-A135-4F21-8A03-930000961EAE}
	EndGlobalSection
	GlobalSection(ExtensibilityGlobals) = postSolution
		SolutionGuid = {C7468AF2-2A91-461B-B681-0EBEADC57D18}
	EndGlobalSection
EndGlobal
