
Microsoft Visual Studio Solution File, Format Version 12.00
# Visual Studio Version 17
VisualStudioVersion = 17.4.33205.214
MinimumVisualStudioVersion = 10.0.40219.1
Project("{2150E333-8FDC-42A3-9474-1A3956D46DE8}") = "FitUp.FitnessServices", "FitUp.FitnessServices", "{17452C56-1952-4590-B1BC-721B8BF41180}"
EndProject
Project("{2150E333-8FDC-42A3-9474-1A3956D46DE8}") = "FitUp.NutritionServices", "FitUp.NutritionServices", "{2DAEBD36-F9BA-4286-9B4E-EE4083F90A9A}"
EndProject
Project("{2150E333-8FDC-42A3-9474-1A3956D46DE8}") = "FitUp.SocialServices", "FitUp.SocialServices", "{CD6051DB-F664-49DA-8700-CC386686D006}"
EndProject
Project("{2150E333-8FDC-42A3-9474-1A3956D46DE8}") = "FitUp.InfrastructureServices", "FitUp.InfrastructureServices", "{841C254A-A425-4FB5-A5E9-AF5E4DB6953C}"
EndProject
Project("{2150E333-8FDC-42A3-9474-1A3956D46DE8}") = "FitUp.ExercisesService", "FitUp.ExercisesService", "{4D00DFD9-A2B5-4A7D-BFFB-F629A0123357}"
EndProject
Project("{2150E333-8FDC-42A3-9474-1A3956D46DE8}") = "FitUp.ProgramsService", "FitUp.ProgramsService", "{6703A692-500D-4E29-A350-0BEE13520C67}"
EndProject
Project("{2150E333-8FDC-42A3-9474-1A3956D46DE8}") = "FitUp.UserProgressService", "FitUp.UserProgressService", "{1BB54415-6325-45A6-B390-0ED0A9C16BB2}"
EndProject
Project("{2150E333-8FDC-42A3-9474-1A3956D46DE8}") = "FitUp.AdministrationService", "FitUp.AdministrationService", "{E6D61133-4FC8-4FD9-A78E-089C570E9790}"
EndProject
Project("{2150E333-8FDC-42A3-9474-1A3956D46DE8}") = "FitUp.IdentityService", "FitUp.IdentityService", "{AB410E82-E41D-41C1-8F07-BC68CC6780E9}"
EndProject
Project("{2150E333-8FDC-42A3-9474-1A3956D46DE8}") = "FitUp.PaymentsService", "FitUp.PaymentsService", "{39B5EFE8-178F-4832-8913-30ED6AA344D7}"
EndProject
Project("{2150E333-8FDC-42A3-9474-1A3956D46DE8}") = "FitUp.NutritionService", "FitUp.NutritionService", "{A5741959-5EB5-4BA5-86C4-386FDFA297FD}"
EndProject
Project("{2150E333-8FDC-42A3-9474-1A3956D46DE8}") = "FitUp.SocialInteractionService", "FitUp.SocialInteractionService", "{768FB254-63AF-4F47-B9CB-B42BBFBEC21B}"
EndProject
Project("{2150E333-8FDC-42A3-9474-1A3956D46DE8}") = "FitUp.NewsfeedService", "FitUp.NewsfeedService", "{57849538-4186-4E6E-985E-93B180B26BBD}"
EndProject
Project("{9A19103F-16F7-4668-BE54-9A1E7A4F7556}") = "FitUp.ExercisesService.Domain", "FitUp.FitnessServices\FitUp.ExercisesService\FitUp.ExercisesService.Domain\FitUp.ExercisesService.Domain.csproj", "{94CA9380-C0E0-48A9-8BE9-EFB21949A3BF}"
EndProject
Project("{2150E333-8FDC-42A3-9474-1A3956D46DE8}") = "FitUp", "FitUp", "{A2C748AC-D130-43AE-BB29-CB844A53A19D}"
EndProject
Project("{9A19103F-16F7-4668-BE54-9A1E7A4F7556}") = "FitUp.Domain", "FitUp\FitUp.Domain\FitUp.Domain.csproj", "{77ECD09C-618F-47C0-BA3F-6735130BD489}"
EndProject
Project("{9A19103F-16F7-4668-BE54-9A1E7A4F7556}") = "FitUp.ProgramsService.Domain", "FitUp.FitnessServices\FitUp.ProgramsService\FitUp.ProgramsService.Domain\FitUp.ProgramsService.Domain.csproj", "{9BDFF22D-B2B5-492D-ACE9-829BEF02F4AC}"
EndProject
Global
	GlobalSection(SolutionConfigurationPlatforms) = preSolution
		Debug|Any CPU = Debug|Any CPU
		Release|Any CPU = Release|Any CPU
	EndGlobalSection
	GlobalSection(ProjectConfigurationPlatforms) = postSolution
		{94CA9380-C0E0-48A9-8BE9-EFB21949A3BF}.Debug|Any CPU.ActiveCfg = Debug|Any CPU
		{94CA9380-C0E0-48A9-8BE9-EFB21949A3BF}.Debug|Any CPU.Build.0 = Debug|Any CPU
		{94CA9380-C0E0-48A9-8BE9-EFB21949A3BF}.Release|Any CPU.ActiveCfg = Release|Any CPU
		{94CA9380-C0E0-48A9-8BE9-EFB21949A3BF}.Release|Any CPU.Build.0 = Release|Any CPU
		{77ECD09C-618F-47C0-BA3F-6735130BD489}.Debug|Any CPU.ActiveCfg = Debug|Any CPU
		{77ECD09C-618F-47C0-BA3F-6735130BD489}.Debug|Any CPU.Build.0 = Debug|Any CPU
		{77ECD09C-618F-47C0-BA3F-6735130BD489}.Release|Any CPU.ActiveCfg = Release|Any CPU
		{77ECD09C-618F-47C0-BA3F-6735130BD489}.Release|Any CPU.Build.0 = Release|Any CPU
		{9BDFF22D-B2B5-492D-ACE9-829BEF02F4AC}.Debug|Any CPU.ActiveCfg = Debug|Any CPU
		{9BDFF22D-B2B5-492D-ACE9-829BEF02F4AC}.Debug|Any CPU.Build.0 = Debug|Any CPU
		{9BDFF22D-B2B5-492D-ACE9-829BEF02F4AC}.Release|Any CPU.ActiveCfg = Release|Any CPU
		{9BDFF22D-B2B5-492D-ACE9-829BEF02F4AC}.Release|Any CPU.Build.0 = Release|Any CPU
	EndGlobalSection
	GlobalSection(SolutionProperties) = preSolution
		HideSolutionNode = FALSE
	EndGlobalSection
	GlobalSection(NestedProjects) = preSolution
		{4D00DFD9-A2B5-4A7D-BFFB-F629A0123357} = {17452C56-1952-4590-B1BC-721B8BF41180}
		{6703A692-500D-4E29-A350-0BEE13520C67} = {17452C56-1952-4590-B1BC-721B8BF41180}
		{1BB54415-6325-45A6-B390-0ED0A9C16BB2} = {17452C56-1952-4590-B1BC-721B8BF41180}
		{E6D61133-4FC8-4FD9-A78E-089C570E9790} = {841C254A-A425-4FB5-A5E9-AF5E4DB6953C}
		{AB410E82-E41D-41C1-8F07-BC68CC6780E9} = {841C254A-A425-4FB5-A5E9-AF5E4DB6953C}
		{39B5EFE8-178F-4832-8913-30ED6AA344D7} = {841C254A-A425-4FB5-A5E9-AF5E4DB6953C}
		{A5741959-5EB5-4BA5-86C4-386FDFA297FD} = {2DAEBD36-F9BA-4286-9B4E-EE4083F90A9A}
		{768FB254-63AF-4F47-B9CB-B42BBFBEC21B} = {CD6051DB-F664-49DA-8700-CC386686D006}
		{57849538-4186-4E6E-985E-93B180B26BBD} = {CD6051DB-F664-49DA-8700-CC386686D006}
		{94CA9380-C0E0-48A9-8BE9-EFB21949A3BF} = {4D00DFD9-A2B5-4A7D-BFFB-F629A0123357}
		{77ECD09C-618F-47C0-BA3F-6735130BD489} = {A2C748AC-D130-43AE-BB29-CB844A53A19D}
	EndGlobalSection
	GlobalSection(ExtensibilityGlobals) = postSolution
		SolutionGuid = {8861F827-4BC8-454E-8833-179A55652CD7}
	EndGlobalSection
EndGlobal
