
Microsoft Visual Studio Solution File, Format Version 12.00
# Visual Studio Version 17
VisualStudioVersion = 17.4.33205.214
MinimumVisualStudioVersion = 10.0.40219.1
Project("{2150E333-8FDC-42A3-9474-1A3956D46DE8}") = "FitUp.NutritionService", "FitUp.NutritionService", "{3D1FCA33-DE47-4336-9AA6-891FFE6B22A6}"
EndProject
Global
	GlobalSection(SolutionProperties) = preSolution
		HideSolutionNode = FALSE
	EndGlobalSection
	GlobalSection(ExtensibilityGlobals) = postSolution
		SolutionGuid = {CF0D990B-BAC0-4BB4-A01D-AB5BBFCC5076}
	EndGlobalSection
EndGlobal
